
Microsoft Visual Studio Solution File, Format Version 12.00
Project("{FAE04EC0-301F-11D3-BF4B-00C04F79EFBC}") = "SoftBeckhoff", "SoftBeckhoff\SoftBeckhoff.csproj", "{6788C3B6-09C6-4BA3-89CB-2E562FBA4E25}"
EndProject
Project("{FAE04EC0-301F-11D3-BF4B-00C04F79EFBC}") = "SoftBeckhoff.Tests", "SoftBeckhoff.Tests\SoftBeckhoff.Tests.csproj", "{02F11D1D-649A-4DC9-8A4F-05B4CB3FE861}"
EndProject
Global
	GlobalSection(SolutionConfigurationPlatforms) = preSolution
		Debug|Any CPU = Debug|Any CPU
		Release|Any CPU = Release|Any CPU
	EndGlobalSection
	GlobalSection(ProjectConfigurationPlatforms) = postSolution
		{6788C3B6-09C6-4BA3-89CB-2E562FBA4E25}.Debug|Any CPU.ActiveCfg = Debug|Any CPU
		{6788C3B6-09C6-4BA3-89CB-2E562FBA4E25}.Debug|Any CPU.Build.0 = Debug|Any CPU
		{6788C3B6-09C6-4BA3-89CB-2E562FBA4E25}.Release|Any CPU.ActiveCfg = Release|Any CPU
		{6788C3B6-09C6-4BA3-89CB-2E562FBA4E25}.Release|Any CPU.Build.0 = Release|Any CPU
		{02F11D1D-649A-4DC9-8A4F-05B4CB3FE861}.Debug|Any CPU.ActiveCfg = Debug|Any CPU
		{02F11D1D-649A-4DC9-8A4F-05B4CB3FE861}.Debug|Any CPU.Build.0 = Debug|Any CPU
		{02F11D1D-649A-4DC9-8A4F-05B4CB3FE861}.Release|Any CPU.ActiveCfg = Release|Any CPU
		{02F11D1D-649A-4DC9-8A4F-05B4CB3FE861}.Release|Any CPU.Build.0 = Release|Any CPU
	EndGlobalSection
EndGlobal
